
Microsoft Visual Studio Solution File, Format Version 12.00
# Visual Studio Version 17
VisualStudioVersion = 17.9.34714.143
MinimumVisualStudioVersion = 10.0.40219.1
Project("{FAE04EC0-301F-11D3-BF4B-00C04F79EFBC}") = "Equipment _Management", "Equipment _Management.csproj", "{67B735B9-D53F-4695-8815-D06292D6C0AF}"
EndProject
Global
	GlobalSection(SolutionConfigurationPlatforms) = preSolution
		Debug|Any CPU = Debug|Any CPU
		Release|Any CPU = Release|Any CPU
	EndGlobalSection
	GlobalSection(ProjectConfigurationPlatforms) = postSolution
		{67B735B9-D53F-4695-8815-D06292D6C0AF}.Debug|Any CPU.ActiveCfg = Debug|Any CPU
		{67B735B9-D53F-4695-8815-D06292D6C0AF}.Debug|Any CPU.Build.0 = Debug|Any CPU
		{67B735B9-D53F-4695-8815-D06292D6C0AF}.Release|Any CPU.ActiveCfg = Release|Any CPU
		{67B735B9-D53F-4695-8815-D06292D6C0AF}.Release|Any CPU.Build.0 = Release|Any CPU
	EndGlobalSection
	GlobalSection(SolutionProperties) = preSolution
		HideSolutionNode = FALSE
	EndGlobalSection
	GlobalSection(ExtensibilityGlobals) = postSolution
		SolutionGuid = {8147F02E-953E-4C6C-A98B-0B8C70750954}
	EndGlobalSection
EndGlobal
